
Microsoft Visual Studio Solution File, Format Version 12.00
# Visual Studio Version 17
VisualStudioVersion = 17.8.34316.72
MinimumVisualStudioVersion = 10.0.40219.1
Project("{9A19103F-16F7-4668-BE54-9A1E7A4F7556}") = "Travel_Agency", "Travel_Agency.csproj", "{B5B67D2C-8D46-4E09-874F-10FB6DA475A9}"
EndProject
Global
	GlobalSection(SolutionConfigurationPlatforms) = preSolution
		Debug|Any CPU = Debug|Any CPU
		Release|Any CPU = Release|Any CPU
	EndGlobalSection
	GlobalSection(ProjectConfigurationPlatforms) = postSolution
		{B5B67D2C-8D46-4E09-874F-10FB6DA475A9}.Debug|Any CPU.ActiveCfg = Debug|Any CPU
		{B5B67D2C-8D46-4E09-874F-10FB6DA475A9}.Debug|Any CPU.Build.0 = Debug|Any CPU
		{B5B67D2C-8D46-4E09-874F-10FB6DA475A9}.Release|Any CPU.ActiveCfg = Release|Any CPU
		{B5B67D2C-8D46-4E09-874F-10FB6DA475A9}.Release|Any CPU.Build.0 = Release|Any CPU
	EndGlobalSection
	GlobalSection(SolutionProperties) = preSolution
		HideSolutionNode = FALSE
	EndGlobalSection
	GlobalSection(ExtensibilityGlobals) = postSolution
		SolutionGuid = {9DF2E0EB-6259-4900-B3D7-F52FF426E40D}
	EndGlobalSection
EndGlobal
